// !$*UTF8*$!
{
	archiveVersion = 1;
	classes = {
	};
	objectVersion = 46;
	objects = {

/* Begin PBXBuildFile section */
		7BAB995D1EAD0E4100506AE3 /* GetGifs.swift in Sources */ = {isa = PBXBuildFile; fileRef = 7BAB995C1EAD0E4100506AE3 /* GetGifs.swift */; };
		7BAB995F1EAD53D600506AE3 /* Connectivity.swift in Sources */ = {isa = PBXBuildFile; fileRef = 7BAB995E1EAD53D600506AE3 /* Connectivity.swift */; };
		7BAB99611EAD556C00506AE3 /* Errors.swift in Sources */ = {isa = PBXBuildFile; fileRef = 7BAB99601EAD556C00506AE3 /* Errors.swift */; };
		7BBBCFA31EAC2031006190D9 /* GifItem.swift in Sources */ = {isa = PBXBuildFile; fileRef = 7BBBCFA21EAC2031006190D9 /* GifItem.swift */; };
		7BBBCFA51EAC21B7006190D9 /* loadGif.swift in Sources */ = {isa = PBXBuildFile; fileRef = 7BBBCFA41EAC21B7006190D9 /* loadGif.swift */; };
		7BBBCFA71EAC2232006190D9 /* GifItemTableViewCell.swift in Sources */ = {isa = PBXBuildFile; fileRef = 7BBBCFA61EAC2232006190D9 /* GifItemTableViewCell.swift */; };
		7BE1D00D1EAA3A63004DA9D4 /* AppDelegate.swift in Sources */ = {isa = PBXBuildFile; fileRef = 7BE1D00C1EAA3A63004DA9D4 /* AppDelegate.swift */; };
		7BE1D00F1EAA3A63004DA9D4 /* ViewController.swift in Sources */ = {isa = PBXBuildFile; fileRef = 7BE1D00E1EAA3A63004DA9D4 /* ViewController.swift */; };
		7BE1D0121EAA3A63004DA9D4 /* Main.storyboard in Resources */ = {isa = PBXBuildFile; fileRef = 7BE1D0101EAA3A63004DA9D4 /* Main.storyboard */; };
		7BE1D0141EAA3A63004DA9D4 /* Assets.xcassets in Resources */ = {isa = PBXBuildFile; fileRef = 7BE1D0131EAA3A63004DA9D4 /* Assets.xcassets */; };
		7BE1D0171EAA3A63004DA9D4 /* LaunchScreen.storyboard in Resources */ = {isa = PBXBuildFile; fileRef = 7BE1D0151EAA3A63004DA9D4 /* LaunchScreen.storyboard */; };
		A1005E93CC43B5F837F51D20 /* Pods_GifSearcher.framework in Frameworks */ = {isa = PBXBuildFile; fileRef = 9A6A77F59A43523522C54BBB /* Pods_GifSearcher.framework */; };
/* End PBXBuildFile section */

/* Begin PBXFileReference section */
		013C55A59E8E8C5CB6F46292 /* Pods-GifSearcher.release.xcconfig */ = {isa = PBXFileReference; includeInIndex = 1; lastKnownFileType = text.xcconfig; name = "Pods-GifSearcher.release.xcconfig"; path = "Pods/Target Support Files/Pods-GifSearcher/Pods-GifSearcher.release.xcconfig"; sourceTree = "<group>"; };
		463D08D896DCA86F1FEC9061 /* Pods-GifSearcher.debug.xcconfig */ = {isa = PBXFileReference; includeInIndex = 1; lastKnownFileType = text.xcconfig; name = "Pods-GifSearcher.debug.xcconfig"; path = "Pods/Target Support Files/Pods-GifSearcher/Pods-GifSearcher.debug.xcconfig"; sourceTree = "<group>"; };
		7BAB995C1EAD0E4100506AE3 /* GetGifs.swift */ = {isa = PBXFileReference; fileEncoding = 4; lastKnownFileType = sourcecode.swift; path = GetGifs.swift; sourceTree = "<group>"; };
		7BAB995E1EAD53D600506AE3 /* Connectivity.swift */ = {isa = PBXFileReference; fileEncoding = 4; lastKnownFileType = sourcecode.swift; path = Connectivity.swift; sourceTree = "<group>"; };
		7BAB99601EAD556C00506AE3 /* Errors.swift */ = {isa = PBXFileReference; fileEncoding = 4; lastKnownFileType = sourcecode.swift; path = Errors.swift; sourceTree = "<group>"; };
		7BBBCFA21EAC2031006190D9 /* GifItem.swift */ = {isa = PBXFileReference; fileEncoding = 4; lastKnownFileType = sourcecode.swift; path = GifItem.swift; sourceTree = "<group>"; };
		7BBBCFA41EAC21B7006190D9 /* loadGif.swift */ = {isa = PBXFileReference; fileEncoding = 4; lastKnownFileType = sourcecode.swift; path = loadGif.swift; sourceTree = "<group>"; };
		7BBBCFA61EAC2232006190D9 /* GifItemTableViewCell.swift */ = {isa = PBXFileReference; fileEncoding = 4; lastKnownFileType = sourcecode.swift; path = GifItemTableViewCell.swift; sourceTree = "<group>"; };
		7BE1D0091EAA3A63004DA9D4 /* GifSearcher.app */ = {isa = PBXFileReference; explicitFileType = wrapper.application; includeInIndex = 0; path = GifSearcher.app; sourceTree = BUILT_PRODUCTS_DIR; };
		7BE1D00C1EAA3A63004DA9D4 /* AppDelegate.swift */ = {isa = PBXFileReference; lastKnownFileType = sourcecode.swift; path = AppDelegate.swift; sourceTree = "<group>"; };
		7BE1D00E1EAA3A63004DA9D4 /* ViewController.swift */ = {isa = PBXFileReference; lastKnownFileType = sourcecode.swift; path = ViewController.swift; sourceTree = "<group>"; };
		7BE1D0111EAA3A63004DA9D4 /* Base */ = {isa = PBXFileReference; lastKnownFileType = file.storyboard; name = Base; path = Base.lproj/Main.storyboard; sourceTree = "<group>"; };
		7BE1D0131EAA3A63004DA9D4 /* Assets.xcassets */ = {isa = PBXFileReference; lastKnownFileType = folder.assetcatalog; path = Assets.xcassets; sourceTree = "<group>"; };
		7BE1D0161EAA3A63004DA9D4 /* Base */ = {isa = PBXFileReference; lastKnownFileType = file.storyboard; name = Base; path = Base.lproj/LaunchScreen.storyboard; sourceTree = "<group>"; };
		7BE1D0181EAA3A63004DA9D4 /* Info.plist */ = {isa = PBXFileReference; lastKnownFileType = text.plist.xml; path = Info.plist; sourceTree = "<group>"; };
		9A6A77F59A43523522C54BBB /* Pods_GifSearcher.framework */ = {isa = PBXFileReference; explicitFileType = wrapper.framework; includeInIndex = 0; path = Pods_GifSearcher.framework; sourceTree = BUILT_PRODUCTS_DIR; };
/* End PBXFileReference section */

/* Begin PBXFrameworksBuildPhase section */
		7BE1D0061EAA3A63004DA9D4 /* Frameworks */ = {
			isa = PBXFrameworksBuildPhase;
			buildActionMask = 2147483647;
			files = (
				A1005E93CC43B5F837F51D20 /* Pods_GifSearcher.framework in Frameworks */,
			);
			runOnlyForDeploymentPostprocessing = 0;
		};
/* End PBXFrameworksBuildPhase section */

/* Begin PBXGroup section */
		64A0D575557272922D8577EC /* Pods */ = {
			isa = PBXGroup;
			children = (
				463D08D896DCA86F1FEC9061 /* Pods-GifSearcher.debug.xcconfig */,
				013C55A59E8E8C5CB6F46292 /* Pods-GifSearcher.release.xcconfig */,
			);
			name = Pods;
			sourceTree = "<group>";
		};
		7BE1D0001EAA3A63004DA9D4 = {
			isa = PBXGroup;
			children = (
				7BE1D00B1EAA3A63004DA9D4 /* GifSearcher */,
				7BE1D00A1EAA3A63004DA9D4 /* Products */,
				64A0D575557272922D8577EC /* Pods */,
				FFB2053A764FED4F97978A1B /* Frameworks */,
			);
			sourceTree = "<group>";
		};
		7BE1D00A1EAA3A63004DA9D4 /* Products */ = {
			isa = PBXGroup;
			children = (
				7BE1D0091EAA3A63004DA9D4 /* GifSearcher.app */,
			);
			name = Products;
			sourceTree = "<group>";
		};
		7BE1D00B1EAA3A63004DA9D4 /* GifSearcher */ = {
			isa = PBXGroup;
			children = (
				7BE1D00C1EAA3A63004DA9D4 /* AppDelegate.swift */,
				7BE1D00E1EAA3A63004DA9D4 /* ViewController.swift */,
				7BE1D0101EAA3A63004DA9D4 /* Main.storyboard */,
				7BE1D0131EAA3A63004DA9D4 /* Assets.xcassets */,
				7BE1D0151EAA3A63004DA9D4 /* LaunchScreen.storyboard */,
				7BE1D0181EAA3A63004DA9D4 /* Info.plist */,
				7BBBCFA21EAC2031006190D9 /* GifItem.swift */,
				7BBBCFA41EAC21B7006190D9 /* loadGif.swift */,
				7BBBCFA61EAC2232006190D9 /* GifItemTableViewCell.swift */,
				7BAB995C1EAD0E4100506AE3 /* GetGifs.swift */,
				7BAB995E1EAD53D600506AE3 /* Connectivity.swift */,
				7BAB99601EAD556C00506AE3 /* Errors.swift */,
			);
			path = GifSearcher;
			sourceTree = "<group>";
		};
		FFB2053A764FED4F97978A1B /* Frameworks */ = {
			isa = PBXGroup;
			children = (
				9A6A77F59A43523522C54BBB /* Pods_GifSearcher.framework */,
			);
			name = Frameworks;
			sourceTree = "<group>";
		};
/* End PBXGroup section */

/* Begin PBXNativeTarget section */
		7BE1D0081EAA3A63004DA9D4 /* GifSearcher */ = {
			isa = PBXNativeTarget;
			buildConfigurationList = 7BE1D01B1EAA3A63004DA9D4 /* Build configuration list for PBXNativeTarget "GifSearcher" */;
			buildPhases = (
				DFB757B6840593A5B9B6513E /* [CP] Check Pods Manifest.lock */,
				7BE1D0051EAA3A63004DA9D4 /* Sources */,
				7BE1D0061EAA3A63004DA9D4 /* Frameworks */,
				7BE1D0071EAA3A63004DA9D4 /* Resources */,
				80DB286CB16E7FEC933FB21A /* [CP] Embed Pods Frameworks */,
				2917581995172D002C5A56DE /* [CP] Copy Pods Resources */,
				7BE1D01E1EAA41EC004DA9D4 /* ShellScript */,
			);
			buildRules = (
			);
			dependencies = (
			);
			name = GifSearcher;
			productName = GifSearcher;
			productReference = 7BE1D0091EAA3A63004DA9D4 /* GifSearcher.app */;
			productType = "com.apple.product-type.application";
		};
/* End PBXNativeTarget section */

/* Begin PBXProject section */
		7BE1D0011EAA3A63004DA9D4 /* Project object */ = {
			isa = PBXProject;
			attributes = {
				LastSwiftUpdateCheck = 0830;
				LastUpgradeCheck = 0830;
				ORGANIZATIONNAME = "Eugene Sazonov";
				TargetAttributes = {
					7BE1D0081EAA3A63004DA9D4 = {
						CreatedOnToolsVersion = 8.3.1;
						ProvisioningStyle = Automatic;
					};
				};
			};
			buildConfigurationList = 7BE1D0041EAA3A63004DA9D4 /* Build configuration list for PBXProject "GifSearcher" */;
			compatibilityVersion = "Xcode 3.2";
			developmentRegion = English;
			hasScannedForEncodings = 0;
			knownRegions = (
				en,
				Base,
			);
			mainGroup = 7BE1D0001EAA3A63004DA9D4;
			productRefGroup = 7BE1D00A1EAA3A63004DA9D4 /* Products */;
			projectDirPath = "";
			projectRoot = "";
			targets = (
				7BE1D0081EAA3A63004DA9D4 /* GifSearcher */,
			);
		};
/* End PBXProject section */

/* Begin PBXResourcesBuildPhase section */
		7BE1D0071EAA3A63004DA9D4 /* Resources */ = {
			isa = PBXResourcesBuildPhase;
			buildActionMask = 2147483647;
			files = (
				7BE1D0171EAA3A63004DA9D4 /* LaunchScreen.storyboard in Resources */,
				7BE1D0141EAA3A63004DA9D4 /* Assets.xcassets in Resources */,
				7BE1D0121EAA3A63004DA9D4 /* Main.storyboard in Resources */,
			);
			runOnlyForDeploymentPostprocessing = 0;
		};
/* End PBXResourcesBuildPhase section */

/* Begin PBXShellScriptBuildPhase section */
		2917581995172D002C5A56DE /* [CP] Copy Pods Resources */ = {
			isa = PBXShellScriptBuildPhase;
			buildActionMask = 2147483647;
			files = (
			);
			inputPaths = (
			);
			name = "[CP] Copy Pods Resources";
			outputPaths = (
			);
			runOnlyForDeploymentPostprocessing = 0;
			shellPath = /bin/sh;
			shellScript = "\"${SRCROOT}/Pods/Target Support Files/Pods-GifSearcher/Pods-GifSearcher-resources.sh\"\n";
			showEnvVarsInLog = 0;
		};
		7BE1D01E1EAA41EC004DA9D4 /* ShellScript */ = {
			isa = PBXShellScriptBuildPhase;
			buildActionMask = 2147483647;
			files = (
			);
			inputPaths = (
			);
			outputPaths = (
			);
			runOnlyForDeploymentPostprocessing = 0;
			shellPath = /bin/sh;
			shellScript = "${PODS_ROOT}/SwiftLint/swiftlint";
		};
		80DB286CB16E7FEC933FB21A /* [CP] Embed Pods Frameworks */ = {
			isa = PBXShellScriptBuildPhase;
			buildActionMask = 2147483647;
			files = (
			);
			inputPaths = (
			);
			name = "[CP] Embed Pods Frameworks";
			outputPaths = (
			);
			runOnlyForDeploymentPostprocessing = 0;
			shellPath = /bin/sh;
			shellScript = "\"${SRCROOT}/Pods/Target Support Files/Pods-GifSearcher/Pods-GifSearcher-frameworks.sh\"\n";
			showEnvVarsInLog = 0;
		};
		DFB757B6840593A5B9B6513E /* [CP] Check Pods Manifest.lock */ = {
			isa = PBXShellScriptBuildPhase;
			buildActionMask = 2147483647;
			files = (
			);
			inputPaths = (
			);
			name = "[CP] Check Pods Manifest.lock";
			outputPaths = (
			);
			runOnlyForDeploymentPostprocessing = 0;
			shellPath = /bin/sh;
			shellScript = "diff \"${PODS_PODFILE_DIR_PATH}/Podfile.lock\" \"${PODS_ROOT}/Manifest.lock\" > /dev/null\nif [ $? != 0 ] ; then\n    # print error to STDERR\n    echo \"error: The sandbox is not in sync with the Podfile.lock. Run 'pod install' or update your CocoaPods installation.\" >&2\n    exit 1\nfi\n";
			showEnvVarsInLog = 0;
		};
/* End PBXShellScriptBuildPhase section */

/* Begin PBXSourcesBuildPhase section */
		7BE1D0051EAA3A63004DA9D4 /* Sources */ = {
			isa = PBXSourcesBuildPhase;
			buildActionMask = 2147483647;
			files = (
				7BE1D00F1EAA3A63004DA9D4 /* ViewController.swift in Sources */,
				7BE1D00D1EAA3A63004DA9D4 /* AppDelegate.swift in Sources */,
				7BBBCFA51EAC21B7006190D9 /* loadGif.swift in Sources */,
				7BAB995D1EAD0E4100506AE3 /* GetGifs.swift in Sources */,
				7BAB99611EAD556C00506AE3 /* Errors.swift in Sources */,
				7BBBCFA71EAC2232006190D9 /* GifItemTableViewCell.swift in Sources */,
				7BBBCFA31EAC2031006190D9 /* GifItem.swift in Sources */,
				7BAB995F1EAD53D600506AE3 /* Connectivity.swift in Sources */,
			);
			runOnlyForDeploymentPostprocessing = 0;
		};
/* End PBXSourcesBuildPhase section */

/* Begin PBXVariantGroup section */
		7BE1D0101EAA3A63004DA9D4 /* Main.storyboard */ = {
			isa = PBXVariantGroup;
			children = (
				7BE1D0111EAA3A63004DA9D4 /* Base */,
			);
			name = Main.storyboard;
			sourceTree = "<group>";
		};
		7BE1D0151EAA3A63004DA9D4 /* LaunchScreen.storyboard */ = {
			isa = PBXVariantGroup;
			children = (
				7BE1D0161EAA3A63004DA9D4 /* Base */,
			);
			name = LaunchScreen.storyboard;
			sourceTree = "<group>";
		};
/* End PBXVariantGroup section */

/* Begin XCBuildConfiguration section */
		7BE1D0191EAA3A63004DA9D4 /* Debug */ = {
			isa = XCBuildConfiguration;
			buildSettings = {
				ALWAYS_SEARCH_USER_PATHS = NO;
				CLANG_ANALYZER_NONNULL = YES;
				CLANG_ANALYZER_NUMBER_OBJECT_CONVERSION = YES_AGGRESSIVE;
				CLANG_CXX_LANGUAGE_STANDARD = "gnu++0x";
				CLANG_CXX_LIBRARY = "libc++";
				CLANG_ENABLE_MODULES = YES;
				CLANG_ENABLE_OBJC_ARC = YES;
				CLANG_WARN_BOOL_CONVERSION = YES;
				CLANG_WARN_CONSTANT_CONVERSION = YES;
				CLANG_WARN_DIRECT_OBJC_ISA_USAGE = YES_ERROR;
				CLANG_WARN_DOCUMENTATION_COMMENTS = YES;
				CLANG_WARN_EMPTY_BODY = YES;
				CLANG_WARN_ENUM_CONVERSION = YES;
				CLANG_WARN_INFINITE_RECURSION = YES;
				CLANG_WARN_INT_CONVERSION = YES;
				CLANG_WARN_OBJC_ROOT_CLASS = YES_ERROR;
				CLANG_WARN_SUSPICIOUS_MOVE = YES;
				CLANG_WARN_UNREACHABLE_CODE = YES;
				CLANG_WARN__DUPLICATE_METHOD_MATCH = YES;
				"CODE_SIGN_IDENTITY[sdk=iphoneos*]" = "iPhone Developer";
				COPY_PHASE_STRIP = NO;
				DEBUG_INFORMATION_FORMAT = dwarf;
				ENABLE_STRICT_OBJC_MSGSEND = YES;
				ENABLE_TESTABILITY = YES;
				GCC_C_LANGUAGE_STANDARD = gnu99;
				GCC_DYNAMIC_NO_PIC = NO;
				GCC_NO_COMMON_BLOCKS = YES;
				GCC_OPTIMIZATION_LEVEL = 0;
				GCC_PREPROCESSOR_DEFINITIONS = (
					"DEBUG=1",
					"$(inherited)",
				);
				GCC_WARN_64_TO_32_BIT_CONVERSION = YES;
				GCC_WARN_ABOUT_RETURN_TYPE = YES_ERROR;
				GCC_WARN_UNDECLARED_SELECTOR = YES;
				GCC_WARN_UNINITIALIZED_AUTOS = YES_AGGRESSIVE;
				GCC_WARN_UNUSED_FUNCTION = YES;
				GCC_WARN_UNUSED_VARIABLE = YES;
				IPHONEOS_DEPLOYMENT_TARGET = 10.3;
				MTL_ENABLE_DEBUG_INFO = YES;
				ONLY_ACTIVE_ARCH = YES;
				SDKROOT = iphoneos;
				SWIFT_ACTIVE_COMPILATION_CONDITIONS = DEBUG;
				SWIFT_OPTIMIZATION_LEVEL = "-Onone";
			};
			name = Debug;
		};
		7BE1D01A1EAA3A63004DA9D4 /* Release */ = {
			isa = XCBuildConfiguration;
			buildSettings = {
				ALWAYS_SEARCH_USER_PATHS = NO;
				CLANG_ANALYZER_NONNULL = YES;
				CLANG_ANALYZER_NUMBER_OBJECT_CONVERSION = YES_AGGRESSIVE;
				CLANG_CXX_LANGUAGE_STANDARD = "gnu++0x";
				CLANG_CXX_LIBRARY = "libc++";
				CLANG_ENABLE_MODULES = YES;
				CLANG_ENABLE_OBJC_ARC = YES;
				CLANG_WARN_BOOL_CONVERSION = YES;
				CLANG_WARN_CONSTANT_CONVERSION = YES;
				CLANG_WARN_DIRECT_OBJC_ISA_USAGE = YES_ERROR;
				CLANG_WARN_DOCUMENTATION_COMMENTS = YES;
				CLANG_WARN_EMPTY_BODY = YES;
				CLANG_WARN_ENUM_CONVERSION = YES;
				CLANG_WARN_INFINITE_RECURSION = YES;
				CLANG_WARN_INT_CONVERSION = YES;
				CLANG_WARN_OBJC_ROOT_CLASS = YES_ERROR;
				CLANG_WARN_SUSPICIOUS_MOVE = YES;
				CLANG_WARN_UNREACHABLE_CODE = YES;
				CLANG_WARN__DUPLICATE_METHOD_MATCH = YES;
				"CODE_SIGN_IDENTITY[sdk=iphoneos*]" = "iPhone Developer";
				COPY_PHASE_STRIP = NO;
				DEBUG_INFORMATION_FORMAT = "dwarf-with-dsym";
				ENABLE_NS_ASSERTIONS = NO;
				ENABLE_STRICT_OBJC_MSGSEND = YES;
				GCC_C_LANGUAGE_STANDARD = gnu99;
				GCC_NO_COMMON_BLOCKS = YES;
				GCC_WARN_64_TO_32_BIT_CONVERSION = YES;
				GCC_WARN_ABOUT_RETURN_TYPE = YES_ERROR;
				GCC_WARN_UNDECLARED_SELECTOR = YES;
				GCC_WARN_UNINITIALIZED_AUTOS = YES_AGGRESSIVE;
				GCC_WARN_UNUSED_FUNCTION = YES;
				GCC_WARN_UNUSED_VARIABLE = YES;
				IPHONEOS_DEPLOYMENT_TARGET = 10.3;
				MTL_ENABLE_DEBUG_INFO = NO;
				SDKROOT = iphoneos;
				SWIFT_OPTIMIZATION_LEVEL = "-Owholemodule";
				VALIDATE_PRODUCT = YES;
			};
			name = Release;
		};
		7BE1D01C1EAA3A63004DA9D4 /* Debug */ = {
			isa = XCBuildConfiguration;
			baseConfigurationReference = 463D08D896DCA86F1FEC9061 /* Pods-GifSearcher.debug.xcconfig */;
			buildSettings = {
				ASSETCATALOG_COMPILER_APPICON_NAME = AppIcon;
				INFOPLIST_FILE = GifSearcher/Info.plist;
				LD_RUNPATH_SEARCH_PATHS = "$(inherited) @executable_path/Frameworks";
				PRODUCT_BUNDLE_IDENTIFIER = com.example.GifSearcher;
				PRODUCT_NAME = "$(TARGET_NAME)";
				SWIFT_VERSION = 3.0;
			};
			name = Debug;
		};
		7BE1D01D1EAA3A63004DA9D4 /* Release */ = {
			isa = XCBuildConfiguration;
			baseConfigurationReference = 013C55A59E8E8C5CB6F46292 /* Pods-GifSearcher.release.xcconfig */;
			buildSettings = {
				ASSETCATALOG_COMPILER_APPICON_NAME = AppIcon;
				INFOPLIST_FILE = GifSearcher/Info.plist;
				LD_RUNPATH_SEARCH_PATHS = "$(inherited) @executable_path/Frameworks";
				PRODUCT_BUNDLE_IDENTIFIER = com.example.GifSearcher;
				PRODUCT_NAME = "$(TARGET_NAME)";
				SWIFT_VERSION = 3.0;
			};
			name = Release;
		};
/* End XCBuildConfiguration section */

/* Begin XCConfigurationList section */
		7BE1D0041EAA3A63004DA9D4 /* Build configuration list for PBXProject "GifSearcher" */ = {
			isa = XCConfigurationList;
			buildConfigurations = (
				7BE1D0191EAA3A63004DA9D4 /* Debug */,
				7BE1D01A1EAA3A63004DA9D4 /* Release */,
			);
			defaultConfigurationIsVisible = 0;
			defaultConfigurationName = Release;
		};
		7BE1D01B1EAA3A63004DA9D4 /* Build configuration list for PBXNativeTarget "GifSearcher" */ = {
			isa = XCConfigurationList;
			buildConfigurations = (
				7BE1D01C1EAA3A63004DA9D4 /* Debug */,
				7BE1D01D1EAA3A63004DA9D4 /* Release */,
			);
			defaultConfigurationIsVisible = 0;
			defaultConfigurationName = Release;
		};
/* End XCConfigurationList section */
	};
	rootObject = 7BE1D0011EAA3A63004DA9D4 /* Project object */;
}
